{
    "_meta": {
        "hash": {
            "sha256": "e9c0c479a8ad4c3821841a7e02202ec9e24808e92dc44d6f5cb00b1de72a9a38"
        },
        "pipfile-spec": 6,
        "requires": {
            "python_version": "3.7"
        },
        "sources": [
            {
                "name": "pypi",
                "url": "https://pypi.org/simple",
                "verify_ssl": true
            }
        ]
    },
    "default": {
        "attrs": {
            "hashes": [
                "sha256:29adc2665447e5191d0e7c568fde78b21f9672d344281d0c6e1ab085429b22b6",
                "sha256:86efa402f67bf2df34f51a335487cf46b1ec130d02b8d39fd248abfd30da551c"
            ],
            "markers": "python_version >= '3.5'",
            "version": "==22.1.0"
        },
        "certifi": {
            "hashes": [
                "sha256:35824b4c3a97115964b408844d64aa14db1cc518f6562e8d7261699d1350a9e3",
                "sha256:4ad3232f5e926d6718ec31cfc1fcadfde020920e278684144551c91769c7bc18"
            ],
            "index": "pypi",
            "version": "==2022.12.7"
        },
        "chardet": {
            "hashes": [
                "sha256:84ab92ed1c4d4f16916e05906b6b75a6c0fb5db821cc65e70cbd64a3e2a5eaae",
                "sha256:fc323ffcaeaed0e0a02bf4d117757b98aed530d9ed4531e3e15460124c106691"
            ],
            "version": "==3.0.4"
        },
        "coverage": {
            "hashes": [
                "sha256:0fc4e0d91350d6f43ef6a61f64a48e917637e1dcfcba4b4b7d543c628ef82c2d",
                "sha256:10f2a618a6e75adf64329f828a6a5b40244c1c50f5ef4ce4109e904e69c71bd2",
                "sha256:12eaccd86d9a373aea59869bc9cfa0ab6ba8b1477752110cb4c10d165474f703",
                "sha256:1874bdc943654ba46d28f179c1846f5710eda3aeb265ff029e0ac2b52daae404",
                "sha256:1dcebae667b73fd4aa69237e6afb39abc2f27520f2358590c1b13dd90e32abe7",
                "sha256:1e58fca3d9ec1a423f1b7f2aa34af4f733cbfa9020c8fe39ca451b6071237405",
                "sha256:214eb2110217f2636a9329bc766507ab71a3a06a8ea30cdeebb47c24dce5972d",
                "sha256:25fe74b5b2f1b4abb11e103bb7984daca8f8292683957d0738cd692f6a7cc64c",
                "sha256:32ecee61a43be509b91a526819717d5e5650e009a8d5eda8631a59c721d5f3b6",
                "sha256:3740b796015b889e46c260ff18b84683fa2e30f0f75a171fb10d2bf9fb91fc70",
                "sha256:3b2c34690f613525672697910894b60d15800ac7e779fbd0fccf532486c1ba40",
                "sha256:41d88736c42f4a22c494c32cc48a05828236e37c991bd9760f8923415e3169e4",
                "sha256:42fa45a29f1059eda4d3c7b509589cc0343cd6bbf083d6118216830cd1a51613",
                "sha256:4bb385a747e6ae8a65290b3df60d6c8a692a5599dc66c9fa3520e667886f2e10",
                "sha256:509294f3e76d3f26b35083973fbc952e01e1727656d979b11182f273f08aa80b",
                "sha256:5c74c5b6045969b07c9fb36b665c9cac84d6c174a809fc1b21bdc06c7836d9a0",
                "sha256:60a3d36297b65c7f78329b80120f72947140f45b5c7a017ea730f9112b40f2ec",
                "sha256:6f91b4492c5cde83bfe462f5b2b997cdf96a138f7c58b1140f05de5751623cf1",
                "sha256:7403675df5e27745571aba1c957c7da2dacb537c21e14007ec3a417bf31f7f3d",
                "sha256:87bdc8135b8ee739840eee19b184804e5d57f518578ffc797f5afa2c3c297913",
                "sha256:8a3decd12e7934d0254939e2bf434bf04a5890c5bf91a982685021786a08087e",
                "sha256:9702e2cb1c6dec01fb8e1a64c015817c0800a6eca287552c47a5ee0ebddccf62",
                "sha256:a4d511012beb967a39580ba7d2549edf1e6865a33e5fe51e4dce550522b3ac0e",
                "sha256:bbb387811f7a18bdc61a2ea3d102be0c7e239b0db9c83be7bfa50f095db5b92a",
                "sha256:bfcc811883699ed49afc58b1ed9f80428a18eb9166422bce3c31a53dba00fd1d",
                "sha256:c32aa13cc3fe86b0f744dfe35a7f879ee33ac0a560684fef0f3e1580352b818f",
                "sha256:ca63dae130a2e788f2b249200f01d7fa240f24da0596501d387a50e57aa7075e",
                "sha256:d54d7ea74cc00482a2410d63bf10aa34ebe1c49ac50779652106c867f9986d6b",
                "sha256:d67599521dff98ec8c34cd9652cbcfe16ed076a2209625fca9dc7419b6370e5c",
                "sha256:d82db1b9a92cb5c67661ca6616bdca6ff931deceebb98eecbd328812dab52032",
                "sha256:d9ad0a988ae20face62520785ec3595a5e64f35a21762a57d115dae0b8fb894a",
                "sha256:ebf2431b2d457ae5217f3a1179533c456f3272ded16f8ed0b32961a6d90e38ee",
                "sha256:ed9a21502e9223f563e071759f769c3d6a2e1ba5328c31e86830368e8d78bc9c",
                "sha256:f50632ef2d749f541ca8e6c07c9928a37f87505ce3a9f20c8446ad310f1aa87b"
            ],
            "index": "pypi",
            "version": "==5.2"
        },
        "idna": {
            "hashes": [
                "sha256:b307872f855b18632ce0c21c5e45be78c0ea7ae4c15c828c20788b26921eb3f6",
                "sha256:b97d804b1e9b523befed77c48dacec60e6dcb0b5391d57af6a65a312a90648c0"
            ],
            "markers": "python_version >= '2.7' and python_version not in '3.0, 3.1, 3.2, 3.3'",
            "version": "==2.10"
        },
        "importlib-metadata": {
            "hashes": [
                "sha256:d5059f9f1e8e41f80e9c56c2ee58811450c31984dfa625329ffd7c0dad88a73b",
                "sha256:d84d17e21670ec07990e1044a99efe8d615d860fd176fc29ef5c306068fda313"
            ],
            "markers": "python_version < '3.8'",
            "version": "==5.1.0"
        },
        "more-itertools": {
            "hashes": [
                "sha256:250e83d7e81d0c87ca6bd942e6aeab8cc9daa6096d12c5308f3f92fa5e5c1f41",
                "sha256:5a6257e40878ef0520b1803990e3e22303a41b5714006c32a3fd8304b26ea1ab"
            ],
            "markers": "python_version >= '3.7'",
            "version": "==9.0.0"
        },
        "numpy": {
            "hashes": [
                "sha256:1dbe1c91269f880e364526649a52eff93ac30035507ae980d2fed33aaee633ac",
                "sha256:357768c2e4451ac241465157a3e929b265dfac85d9214074985b1786244f2ef3",
                "sha256:3820724272f9913b597ccd13a467cc492a0da6b05df26ea09e78b171a0bb9da6",
                "sha256:4391bd07606be175aafd267ef9bea87cf1b8210c787666ce82073b05f202add1",
                "sha256:4aa48afdce4660b0076a00d80afa54e8a97cd49f457d68a4342d188a09451c1a",
                "sha256:58459d3bad03343ac4b1b42ed14d571b8743dc80ccbf27444f266729df1d6f5b",
                "sha256:5c3c8def4230e1b959671eb959083661b4a0d2e9af93ee339c7dada6759a9470",
                "sha256:5f30427731561ce75d7048ac254dbe47a2ba576229250fb60f0fb74db96501a1",
                "sha256:643843bcc1c50526b3a71cd2ee561cf0d8773f062c8cbaf9ffac9fdf573f83ab",
                "sha256:67c261d6c0a9981820c3a149d255a76918278a6b03b6a036800359aba1256d46",
                "sha256:67f21981ba2f9d7ba9ade60c9e8cbaa8cf8e9ae51673934480e45cf55e953673",
                "sha256:6aaf96c7f8cebc220cdfc03f1d5a31952f027dda050e5a703a0d1c396075e3e7",
                "sha256:7c4068a8c44014b2d55f3c3f574c376b2494ca9cc73d2f1bd692382b6dffe3db",
                "sha256:7c7e5fa88d9ff656e067876e4736379cc962d185d5cd808014a8a928d529ef4e",
                "sha256:7f5ae4f304257569ef3b948810816bc87c9146e8c446053539947eedeaa32786",
                "sha256:82691fda7c3f77c90e62da69ae60b5ac08e87e775b09813559f8901a88266552",
                "sha256:8737609c3bbdd48e380d463134a35ffad3b22dc56295eff6f79fd85bd0eeeb25",
                "sha256:9f411b2c3f3d76bba0865b35a425157c5dcf54937f82bbeb3d3c180789dd66a6",
                "sha256:a6be4cb0ef3b8c9250c19cc122267263093eee7edd4e3fa75395dfda8c17a8e2",
                "sha256:bcb238c9c96c00d3085b264e5c1a1207672577b93fa666c3b14a45240b14123a",
                "sha256:bf2ec4b75d0e9356edea834d1de42b31fe11f726a81dfb2c2112bc1eaa508fcf",
                "sha256:d136337ae3cc69aa5e447e78d8e1514be8c3ec9b54264e680cf0b4bd9011574f",
                "sha256:d4bf4d43077db55589ffc9009c0ba0a94fa4908b9586d6ccce2e0b164c86303c",
                "sha256:d6a96eef20f639e6a97d23e57dd0c1b1069a7b4fd7027482a4c5c451cd7732f4",
                "sha256:d9caa9d5e682102453d96a0ee10c7241b72859b01a941a397fd965f23b3e016b",
                "sha256:dd1c8f6bd65d07d3810b90d02eba7997e32abbdf1277a481d698969e921a3be0",
                "sha256:e31f0bb5928b793169b87e3d1e070f2342b22d5245c755e2b81caa29756246c3",
                "sha256:ecb55251139706669fdec2ff073c98ef8e9a84473e51e716211b41aa0f18e656",
                "sha256:ee5ec40fdd06d62fe5d4084bef4fd50fd4bb6bfd2bf519365f569dc470163ab0",
                "sha256:f17e562de9edf691a42ddb1eb4a5541c20dd3f9e65b09ded2beb0799c0cf29bb",
                "sha256:fdffbfb6832cd0b300995a2b08b8f6fa9f6e856d562800fea9182316d99c4e8e"
            ],
            "markers": "python_version < '3.11' and python_version >= '3.7'",
            "version": "==1.21.6"
        },
        "opencv-python": {
            "hashes": [
                "sha256:156e2954d5b38b676e8a24d66703cf15f252e24ec49db7e842a8b5eed46074ba",
                "sha256:1bf486680a16d739f7852a62865b72eb7692df584694815774ba97b471b8bc3f",
                "sha256:1ea08f22246ccd33174d59edfa3f13930bf2c28096568242090bd9d8770fb8a8",
                "sha256:210ab40c8c9dadc7dc9ed7beebe2e0a2415a744f8d6857762a80c8e0fcc477c8",
                "sha256:2ec6502bfac01b27ac06daf7bc9f7a4f482a6a0d8e1b30e15c411d478454a19f",
                "sha256:2fe704e35808cf6b17b793e89fd00e9ef7779f85f274666a4e092671aedd09c0",
                "sha256:4b93b5f8df187e4dba9fb25c46fa8cf342c257de144f7c86d75c06416566a199",
                "sha256:55e1d7a2d11c40ea5b53aabe5c4122038803c7d492505c8f93af077aa7fe2ce1",
                "sha256:677f61332436e22f83a1e4e6f6863a760734fbc8029ba6a8ef0af4554cde6f93",
                "sha256:76ddc6daf8607eda1d866395dcf98526ef96f3e616d8c37ccc7629f9aaf6d4d4",
                "sha256:c4f1e9d963c8f370284afa87fcf521cc8439a610a500bf8ede27fd64dd9050bd",
                "sha256:c93b1198c85175a9fa9a9839c4da55c7ab9c5f57256f2e4211cd6c91d7d422e8",
                "sha256:d765c44827778cbe6bc8f272cd61514e8509b93fd24dd3324cd4abddf2026b11",
                "sha256:eb709245e56f6693d297f8818ff8e6c017fa80fdb5a923c64be623a678c7150e",
                "sha256:ef4ac758a4e2caee80ef9c86b83a279d6f132c9e7ae77957cf74013928814e05",
                "sha256:f67c1d92ff96c6c106f786b7ef9b9ab448fa03ef28cb7bb6f0f7b857b65bc158",
                "sha256:f6fa2834d85c78865ca6e3de563916086cb8c83c3f2ef80924fcd07005f05df9",
                "sha256:fa1a6d149a1a5e0bc54c737a59fe38d75384a092ae5e35f9b876fbb621f755c6",
                "sha256:fd457deedcf153dd6805a2b4d891ac2a0969566d3755fbf48a3ffb53978c9ed1"
            ],
            "index": "pypi",
            "version": "==4.3.0.36"
        },
        "packaging": {
            "hashes": [
                "sha256:2198ec20bd4c017b8f9717e00f0c8714076fc2fd93816750ab48e2c41de2cfd3",
                "sha256:957e2148ba0e1a3b282772e791ef1d8083648bc131c8ab0c1feba110ce1146c3"
            ],
            "markers": "python_version >= '3.7'",
            "version": "==22.0"
        },
        "pluggy": {
            "hashes": [
                "sha256:15b2acde666561e1298d71b523007ed7364de07029219b604cf808bfa1c765b0",
                "sha256:966c145cd83c96502c3c3868f50408687b38434af77734af1e9ca461a4081d2d"
            ],
            "markers": "python_version >= '2.7' and python_version not in '3.0, 3.1, 3.2, 3.3'",
            "version": "==0.13.1"
        },
        "py": {
            "hashes": [
                "sha256:51c75c4126074b472f746a24399ad32f6053d1b34b68d2fa41e558e6f4a98719",
                "sha256:607c53218732647dff4acdfcd50cb62615cedf612e72d1724fb1a0cc6405b378"
            ],
            "markers": "python_version >= '2.7' and python_version not in '3.0, 3.1, 3.2, 3.3, 3.4'",
            "version": "==1.11.0"
        },
        "pysimplegui": {
            "hashes": [
                "sha256:133cfdefd1a9dd1a63d5dc9c17de564f35fa95a6901ba18b7742cb8878229d55",
                "sha256:8cb56a7d9b80651a2484f10feb07d6f16a7fe1050c409a04b1afadff0e8248d7"
            ],
            "index": "pypi",
            "version": "==4.25.0"
        },
        "pytest": {
            "hashes": [
                "sha256:5c0db86b698e8f170ba4582a492248919255fcd4c79b1ee64ace34301fb589a1",
                "sha256:7979331bfcba207414f5e1263b5a0f8f521d0f457318836a7355531ed1a4c7d8"
            ],
            "index": "pypi",
            "version": "==5.4.3"
        },
        "requests": {
            "hashes": [
                "sha256:b3559a131db72c33ee969480840fff4bb6dd111de7dd27c8ee1f820f4f00231b",
                "sha256:fe75cc94a9443b9246fc7049224f75604b113c36acb93f87b80ed42c44cbb898"
            ],
            "index": "pypi",
            "version": "==2.24.0"
        },
        "typing-extensions": {
            "hashes": [
                "sha256:1511434bb92bf8dd198c12b1cc812e800d4181cfcb867674e0f8279cc93087aa",
                "sha256:16fa4864408f655d35ec496218b85f79b3437c829e93320c7c9215ccfd92489e"
            ],
            "markers": "python_version < '3.8'",
            "version": "==4.4.0"
        },
        "urllib3": {
            "hashes": [
                "sha256:8d7eaa5a82a1cac232164990f04874c594c9453ec55eef02eab885aa02fc17a2",
                "sha256:f5321fbe4bf3fefa0efd0bfe7fb14e90909eb62a48ccda331726b4319897dd5e"
            ],
            "markers": "python_version >= '2.7' and python_version not in '3.0, 3.1, 3.2, 3.3, 3.4' and python_version < '4'",
            "version": "==1.25.11"
        },
        "wcwidth": {
            "hashes": [
                "sha256:beb4802a9cebb9144e99086eff703a642a13d6a0052920003a230f3294bbe784",
                "sha256:c4d647b99872929fdb7bdcaa4fbe7f01413ed3d98077df798530e5b04f116c83"
            ],
            "version": "==0.2.5"
        },
        "zipp": {
            "hashes": [
                "sha256:83a28fcb75844b5c0cdaf5aa4003c2d728c77e05f5aeabe8e95e56727005fbaa",
                "sha256:a7a22e05929290a67401440b39690ae6563279bced5f314609d9d03798f56766"
            ],
            "markers": "python_version >= '3.7'",
            "version": "==3.11.0"
        }
    },
    "develop": {}
}
